
Microsoft Visual Studio Solution File, Format Version 9.00
# Visual Studio 2005
Project("{F184B08F-C81C-45F6-A57F-5ABD9991F28F}") = "AG3DBC", "AG3DBC.vbproj", "{F5B9DA3A-0DA2-44A0-9957-9A6F3D47210D}"
EndProject
Global
	GlobalSection(SolutionConfigurationPlatforms) = preSolution
		Debug|Any CPU = Debug|Any CPU
		Release|Any CPU = Release|Any CPU
	EndGlobalSection
	GlobalSection(ProjectConfigurationPlatforms) = postSolution
		{F5B9DA3A-0DA2-44A0-9957-9A6F3D47210D}.Debug|Any CPU.ActiveCfg = Debug|Any CPU
		{F5B9DA3A-0DA2-44A0-9957-9A6F3D47210D}.Debug|Any CPU.Build.0 = Debug|Any CPU
		{F5B9DA3A-0DA2-44A0-9957-9A6F3D47210D}.Release|Any CPU.ActiveCfg = Release|Any CPU
		{F5B9DA3A-0DA2-44A0-9957-9A6F3D47210D}.Release|Any CPU.Build.0 = Release|Any CPU
	EndGlobalSection
	GlobalSection(SolutionProperties) = preSolution
		HideSolutionNode = FALSE
	EndGlobalSection
EndGlobal
